
Microsoft Visual Studio Solution File, Format Version 12.00
# Visual Studio Version 17
VisualStudioVersion = 17.0.31903.59
MinimumVisualStudioVersion = 10.0.40219.1
Project("{FAE04EC0-301F-11D3-BF4B-00C04F79EFBC}") = "My.ApiVersioningExample.Core", "src\My.ApiVersioningExample.Core\My.ApiVersioningExample.Core.csproj", "{64231F18-776B-4E7C-A328-B32CCA50B2D0}"
EndProject
Project("{FAE04EC0-301F-11D3-BF4B-00C04F79EFBC}") = "My.ApiVersioningExample.Data", "src\My.ApiVersioningExample.Data\My.ApiVersioningExample.Data.csproj", "{19CA3FC5-5C05-4B96-ACB7-30821FFDB632}"
EndProject
Project("{FAE04EC0-301F-11D3-BF4B-00C04F79EFBC}") = "My.ApiVersioningExample.Common", "src\My.ApiVersioningExample.Common\My.ApiVersioningExample.Common.csproj", "{8B13521C-2039-C092-CB14-C6A3EAE66C09}"
EndProject
Project("{FAE04EC0-301F-11D3-BF4B-00C04F79EFBC}") = "My.ApiVersioningExample.Services", "src\My.ApiVersioningExample.Services\My.ApiVersioningExample.Services.csproj", "{31650949-E04C-42CE-894C-7945E1A67C45}"
EndProject
Project("{FAE04EC0-301F-11D3-BF4B-00C04F79EFBC}") = "My.ApiVersioningExample.WebApi", "src\My.ApiVersioningExample.WebApi\My.ApiVersioningExample.WebApi.csproj", "{4481FD2E-ADB5-414A-BBC2-EDFDDE79A030}"
EndProject
Project("{FAE04EC0-301F-11D3-BF4B-00C04F79EFBC}") = "My.ApiVersioningExample.Data.Tests", "src\My.ApiVersioningExample.Data.Tests\My.ApiVersioningExample.Data.Tests.csproj", "{E22AA039-60D5-47EC-886D-E52A3E3AC6E4}"
EndProject
Project("{FAE04EC0-301F-11D3-BF4B-00C04F79EFBC}") = "My.ApiVersioningExample.Services.Tests", "src\My.ApiVersioningExample.Services.Tests\My.ApiVersioningExample.Services.Tests.csproj", "{B9BA1A4E-773B-4F48-9EE1-0BD0A0CF968E}"
EndProject
Project("{2150E333-8FDC-42A3-9474-1A3956D46DE8}") = "Solution Items", "Solution Items", "{8EC462FD-D22E-90A8-E5CE-7E832BA40C5D}"
	ProjectSection(SolutionItems) = preProject
		.gitignore = .gitignore
		README.md = README.md
	EndProjectSection
EndProject
Global
	GlobalSection(SolutionConfigurationPlatforms) = preSolution
		Debug|Any CPU = Debug|Any CPU
		Release|Any CPU = Release|Any CPU
	EndGlobalSection
	GlobalSection(ProjectConfigurationPlatforms) = postSolution
		{64231F18-776B-4E7C-A328-B32CCA50B2D0}.Debug|Any CPU.ActiveCfg = Debug|Any CPU
		{64231F18-776B-4E7C-A328-B32CCA50B2D0}.Debug|Any CPU.Build.0 = Debug|Any CPU
		{64231F18-776B-4E7C-A328-B32CCA50B2D0}.Release|Any CPU.ActiveCfg = Release|Any CPU
		{64231F18-776B-4E7C-A328-B32CCA50B2D0}.Release|Any CPU.Build.0 = Release|Any CPU
		{19CA3FC5-5C05-4B96-ACB7-30821FFDB632}.Debug|Any CPU.ActiveCfg = Debug|Any CPU
		{19CA3FC5-5C05-4B96-ACB7-30821FFDB632}.Debug|Any CPU.Build.0 = Debug|Any CPU
		{19CA3FC5-5C05-4B96-ACB7-30821FFDB632}.Release|Any CPU.ActiveCfg = Release|Any CPU
		{19CA3FC5-5C05-4B96-ACB7-30821FFDB632}.Release|Any CPU.Build.0 = Release|Any CPU
		{8B13521C-2039-C092-CB14-C6A3EAE66C09}.Debug|Any CPU.ActiveCfg = Debug|Any CPU
		{8B13521C-2039-C092-CB14-C6A3EAE66C09}.Debug|Any CPU.Build.0 = Debug|Any CPU
		{8B13521C-2039-C092-CB14-C6A3EAE66C09}.Release|Any CPU.ActiveCfg = Release|Any CPU
		{8B13521C-2039-C092-CB14-C6A3EAE66C09}.Release|Any CPU.Build.0 = Release|Any CPU
		{31650949-E04C-42CE-894C-7945E1A67C45}.Debug|Any CPU.ActiveCfg = Debug|Any CPU
		{31650949-E04C-42CE-894C-7945E1A67C45}.Debug|Any CPU.Build.0 = Debug|Any CPU
		{31650949-E04C-42CE-894C-7945E1A67C45}.Release|Any CPU.ActiveCfg = Release|Any CPU
		{31650949-E04C-42CE-894C-7945E1A67C45}.Release|Any CPU.Build.0 = Release|Any CPU
		{4481FD2E-ADB5-414A-BBC2-EDFDDE79A030}.Debug|Any CPU.ActiveCfg = Debug|Any CPU
		{4481FD2E-ADB5-414A-BBC2-EDFDDE79A030}.Debug|Any CPU.Build.0 = Debug|Any CPU
		{4481FD2E-ADB5-414A-BBC2-EDFDDE79A030}.Release|Any CPU.ActiveCfg = Release|Any CPU
		{4481FD2E-ADB5-414A-BBC2-EDFDDE79A030}.Release|Any CPU.Build.0 = Release|Any CPU
		{E22AA039-60D5-47EC-886D-E52A3E3AC6E4}.Debug|Any CPU.ActiveCfg = Debug|Any CPU
		{E22AA039-60D5-47EC-886D-E52A3E3AC6E4}.Debug|Any CPU.Build.0 = Debug|Any CPU
		{E22AA039-60D5-47EC-886D-E52A3E3AC6E4}.Release|Any CPU.ActiveCfg = Release|Any CPU
		{E22AA039-60D5-47EC-886D-E52A3E3AC6E4}.Release|Any CPU.Build.0 = Release|Any CPU
		{B9BA1A4E-773B-4F48-9EE1-0BD0A0CF968E}.Debug|Any CPU.ActiveCfg = Debug|Any CPU
		{B9BA1A4E-773B-4F48-9EE1-0BD0A0CF968E}.Debug|Any CPU.Build.0 = Debug|Any CPU
		{B9BA1A4E-773B-4F48-9EE1-0BD0A0CF968E}.Release|Any CPU.ActiveCfg = Release|Any CPU
		{B9BA1A4E-773B-4F48-9EE1-0BD0A0CF968E}.Release|Any CPU.Build.0 = Release|Any CPU
	EndGlobalSection
	GlobalSection(SolutionProperties) = preSolution
		HideSolutionNode = FALSE
	EndGlobalSection
	GlobalSection(ExtensibilityGlobals) = postSolution
		SolutionGuid = {F2090C8A-74F8-4114-8A05-DEACE5D346E2}
	EndGlobalSection
EndGlobal
